
Microsoft Visual Studio Solution File, Format Version 12.00
# Visual Studio Version 17
VisualStudioVersion = 17.14.36327.8 d17.14
MinimumVisualStudioVersion = 10.0.40219.1
Project("{FAE04EC0-301F-11D3-BF4B-00C04F79EFBC}") = "dars11", "dars11.csproj", "{74E85942-2775-4870-A65C-386F6595104A}"
EndProject
Global
	GlobalSection(SolutionConfigurationPlatforms) = preSolution
		Debug|Any CPU = Debug|Any CPU
		Release|Any CPU = Release|Any CPU
	EndGlobalSection
	GlobalSection(ProjectConfigurationPlatforms) = postSolution
		{74E85942-2775-4870-A65C-386F6595104A}.Debug|Any CPU.ActiveCfg = Debug|Any CPU
		{74E85942-2775-4870-A65C-386F6595104A}.Debug|Any CPU.Build.0 = Debug|Any CPU
		{74E85942-2775-4870-A65C-386F6595104A}.Release|Any CPU.ActiveCfg = Release|Any CPU
		{74E85942-2775-4870-A65C-386F6595104A}.Release|Any CPU.Build.0 = Release|Any CPU
	EndGlobalSection
	GlobalSection(SolutionProperties) = preSolution
		HideSolutionNode = FALSE
	EndGlobalSection
	GlobalSection(ExtensibilityGlobals) = postSolution
		SolutionGuid = {4CE69AAD-3530-4730-AE94-AC14DFCA9AC3}
	EndGlobalSection
EndGlobal
