
Microsoft Visual Studio Solution File, Format Version 12.00
# Visual Studio Version 17
VisualStudioVersion = 17.14.36327.8 d17.14
MinimumVisualStudioVersion = 10.0.40219.1
Project("{FAE04EC0-301F-11D3-BF4B-00C04F79EFBC}") = "dars5", "dars5.csproj", "{6399B483-E225-47B3-87CF-6708D9838447}"
EndProject
Global
	GlobalSection(SolutionConfigurationPlatforms) = preSolution
		Debug|Any CPU = Debug|Any CPU
		Release|Any CPU = Release|Any CPU
	EndGlobalSection
	GlobalSection(ProjectConfigurationPlatforms) = postSolution
		{6399B483-E225-47B3-87CF-6708D9838447}.Debug|Any CPU.ActiveCfg = Debug|Any CPU
		{6399B483-E225-47B3-87CF-6708D9838447}.Debug|Any CPU.Build.0 = Debug|Any CPU
		{6399B483-E225-47B3-87CF-6708D9838447}.Release|Any CPU.ActiveCfg = Release|Any CPU
		{6399B483-E225-47B3-87CF-6708D9838447}.Release|Any CPU.Build.0 = Release|Any CPU
	EndGlobalSection
	GlobalSection(SolutionProperties) = preSolution
		HideSolutionNode = FALSE
	EndGlobalSection
	GlobalSection(ExtensibilityGlobals) = postSolution
		SolutionGuid = {11199381-964C-48C8-B5CF-9508020EFB8F}
	EndGlobalSection
EndGlobal
