
Microsoft Visual Studio Solution File, Format Version 12.00
# Visual Studio Version 17
VisualStudioVersion = 17.14.36327.8 d17.14
MinimumVisualStudioVersion = 10.0.40219.1
Project("{FAE04EC0-301F-11D3-BF4B-00C04F79EFBC}") = "dars2", "dars2.csproj", "{53531555-600A-44A6-8FE7-E1AC07126FAC}"
EndProject
Global
	GlobalSection(SolutionConfigurationPlatforms) = preSolution
		Debug|Any CPU = Debug|Any CPU
		Release|Any CPU = Release|Any CPU
	EndGlobalSection
	GlobalSection(ProjectConfigurationPlatforms) = postSolution
		{53531555-600A-44A6-8FE7-E1AC07126FAC}.Debug|Any CPU.ActiveCfg = Debug|Any CPU
		{53531555-600A-44A6-8FE7-E1AC07126FAC}.Debug|Any CPU.Build.0 = Debug|Any CPU
		{53531555-600A-44A6-8FE7-E1AC07126FAC}.Release|Any CPU.ActiveCfg = Release|Any CPU
		{53531555-600A-44A6-8FE7-E1AC07126FAC}.Release|Any CPU.Build.0 = Release|Any CPU
	EndGlobalSection
	GlobalSection(SolutionProperties) = preSolution
		HideSolutionNode = FALSE
	EndGlobalSection
	GlobalSection(ExtensibilityGlobals) = postSolution
		SolutionGuid = {22FDFD7C-18A9-4C2B-96FB-57B97EBBC6E9}
	EndGlobalSection
EndGlobal
